// !$*UTF8*$!
{
	archiveVersion = 1;
	classes = {
	};
	objectVersion = 46;
	objects = {

/* Begin PBXBuildFile section */
		9E013F9B1A86A0DE00B532B2 /* main.m in Sources */ = {isa = PBXBuildFile; fileRef = 9E013F9A1A86A0DE00B532B2 /* main.m */; };
		9E013F9E1A86A0DE00B532B2 /* AppDelegate.m in Sources */ = {isa = PBXBuildFile; fileRef = 9E013F9D1A86A0DE00B532B2 /* AppDelegate.m */; };
		9E013FA11A86A0DE00B532B2 /* ViewController.m in Sources */ = {isa = PBXBuildFile; fileRef = 9E013FA01A86A0DE00B532B2 /* ViewController.m */; };
		9E013FA41A86A0DE00B532B2 /* Main.storyboard in Resources */ = {isa = PBXBuildFile; fileRef = 9E013FA21A86A0DE00B532B2 /* Main.storyboard */; };
		9E013FA61A86A0DE00B532B2 /* Images.xcassets in Resources */ = {isa = PBXBuildFile; fileRef = 9E013FA51A86A0DE00B532B2 /* Images.xcassets */; };
		9E013FB51A86A0DE00B532B2 /* FocusTests.m in Sources */ = {isa = PBXBuildFile; fileRef = 9E013FB41A86A0DE00B532B2 /* FocusTests.m */; };
		9E013FC01A86A25C00B532B2 /* Event.m in Sources */ = {isa = PBXBuildFile; fileRef = 9E013FBF1A86A25C00B532B2 /* Event.m */; };
		9E013FC21A86A28100B532B2 /* MapKit.framework in Frameworks */ = {isa = PBXBuildFile; fileRef = 9E013FC11A86A28100B532B2 /* MapKit.framework */; };
		9E107F1F1A86C00E00297FAE /* RobotoDraft-Light.ttf in Resources */ = {isa = PBXBuildFile; fileRef = 9E107F1D1A86C00E00297FAE /* RobotoDraft-Light.ttf */; };
		9E107F201A86C00E00297FAE /* RobotoDraft.ttf in Resources */ = {isa = PBXBuildFile; fileRef = 9E107F1E1A86C00E00297FAE /* RobotoDraft.ttf */; };
		9E107F291A86FEF800297FAE /* Block.m in Sources */ = {isa = PBXBuildFile; fileRef = 9E107F281A86FEF800297FAE /* Block.m */; };
/* End PBXBuildFile section */

/* Begin PBXContainerItemProxy section */
		9E013FAF1A86A0DE00B532B2 /* PBXContainerItemProxy */ = {
			isa = PBXContainerItemProxy;
			containerPortal = 9E013F8D1A86A0DE00B532B2 /* Project object */;
			proxyType = 1;
			remoteGlobalIDString = 9E013F941A86A0DE00B532B2;
			remoteInfo = Focus;
		};
/* End PBXContainerItemProxy section */

/* Begin PBXFileReference section */
		9E013F951A86A0DE00B532B2 /* Focus.app */ = {isa = PBXFileReference; explicitFileType = wrapper.application; includeInIndex = 0; path = Focus.app; sourceTree = BUILT_PRODUCTS_DIR; };
		9E013F991A86A0DE00B532B2 /* Info.plist */ = {isa = PBXFileReference; lastKnownFileType = text.plist.xml; path = Info.plist; sourceTree = "<group>"; };
		9E013F9A1A86A0DE00B532B2 /* main.m */ = {isa = PBXFileReference; lastKnownFileType = sourcecode.c.objc; path = main.m; sourceTree = "<group>"; };
		9E013F9C1A86A0DE00B532B2 /* AppDelegate.h */ = {isa = PBXFileReference; lastKnownFileType = sourcecode.c.h; path = AppDelegate.h; sourceTree = "<group>"; };
		9E013F9D1A86A0DE00B532B2 /* AppDelegate.m */ = {isa = PBXFileReference; lastKnownFileType = sourcecode.c.objc; path = AppDelegate.m; sourceTree = "<group>"; };
		9E013F9F1A86A0DE00B532B2 /* ViewController.h */ = {isa = PBXFileReference; lastKnownFileType = sourcecode.c.h; path = ViewController.h; sourceTree = "<group>"; };
		9E013FA01A86A0DE00B532B2 /* ViewController.m */ = {isa = PBXFileReference; lastKnownFileType = sourcecode.c.objc; path = ViewController.m; sourceTree = "<group>"; };
		9E013FA31A86A0DE00B532B2 /* Base */ = {isa = PBXFileReference; lastKnownFileType = file.storyboard; name = Base; path = Base.lproj/Main.storyboard; sourceTree = "<group>"; };
		9E013FA51A86A0DE00B532B2 /* Images.xcassets */ = {isa = PBXFileReference; lastKnownFileType = folder.assetcatalog; path = Images.xcassets; sourceTree = "<group>"; };
		9E013FAE1A86A0DE00B532B2 /* FocusTests.xctest */ = {isa = PBXFileReference; explicitFileType = wrapper.cfbundle; includeInIndex = 0; path = FocusTests.xctest; sourceTree = BUILT_PRODUCTS_DIR; };
		9E013FB31A86A0DE00B532B2 /* Info.plist */ = {isa = PBXFileReference; lastKnownFileType = text.plist.xml; path = Info.plist; sourceTree = "<group>"; };
		9E013FB41A86A0DE00B532B2 /* FocusTests.m */ = {isa = PBXFileReference; lastKnownFileType = sourcecode.c.objc; path = FocusTests.m; sourceTree = "<group>"; };
		9E013FBE1A86A25C00B532B2 /* Event.h */ = {isa = PBXFileReference; fileEncoding = 4; lastKnownFileType = sourcecode.c.h; path = Event.h; sourceTree = "<group>"; };
		9E013FBF1A86A25C00B532B2 /* Event.m */ = {isa = PBXFileReference; fileEncoding = 4; lastKnownFileType = sourcecode.c.objc; path = Event.m; sourceTree = "<group>"; };
		9E013FC11A86A28100B532B2 /* MapKit.framework */ = {isa = PBXFileReference; lastKnownFileType = wrapper.framework; name = MapKit.framework; path = System/Library/Frameworks/MapKit.framework; sourceTree = SDKROOT; };
		9E107F1D1A86C00E00297FAE /* RobotoDraft-Light.ttf */ = {isa = PBXFileReference; lastKnownFileType = file; path = "RobotoDraft-Light.ttf"; sourceTree = "<group>"; };
		9E107F1E1A86C00E00297FAE /* RobotoDraft.ttf */ = {isa = PBXFileReference; lastKnownFileType = file; path = RobotoDraft.ttf; sourceTree = "<group>"; };
		9E107F271A86FEF800297FAE /* Block.h */ = {isa = PBXFileReference; fileEncoding = 4; lastKnownFileType = sourcecode.c.h; path = Block.h; sourceTree = "<group>"; };
		9E107F281A86FEF800297FAE /* Block.m */ = {isa = PBXFileReference; fileEncoding = 4; lastKnownFileType = sourcecode.c.objc; path = Block.m; sourceTree = "<group>"; };
/* End PBXFileReference section */

/* Begin PBXFrameworksBuildPhase section */
		9E013F921A86A0DE00B532B2 /* Frameworks */ = {
			isa = PBXFrameworksBuildPhase;
			buildActionMask = 2147483647;
			files = (
				9E013FC21A86A28100B532B2 /* MapKit.framework in Frameworks */,
			);
			runOnlyForDeploymentPostprocessing = 0;
		};
		9E013FAB1A86A0DE00B532B2 /* Frameworks */ = {
			isa = PBXFrameworksBuildPhase;
			buildActionMask = 2147483647;
			files = (
			);
			runOnlyForDeploymentPostprocessing = 0;
		};
/* End PBXFrameworksBuildPhase section */

/* Begin PBXGroup section */
		9E013F8C1A86A0DE00B532B2 = {
			isa = PBXGroup;
			children = (
				9E013FC11A86A28100B532B2 /* MapKit.framework */,
				9E013F971A86A0DE00B532B2 /* Focus */,
				9E013FB11A86A0DE00B532B2 /* FocusTests */,
				9E013F961A86A0DE00B532B2 /* Products */,
			);
			sourceTree = "<group>";
		};
		9E013F961A86A0DE00B532B2 /* Products */ = {
			isa = PBXGroup;
			children = (
				9E013F951A86A0DE00B532B2 /* Focus.app */,
				9E013FAE1A86A0DE00B532B2 /* FocusTests.xctest */,
			);
			name = Products;
			sourceTree = "<group>";
		};
		9E013F971A86A0DE00B532B2 /* Focus */ = {
			isa = PBXGroup;
			children = (
				9E013F9C1A86A0DE00B532B2 /* AppDelegate.h */,
				9E013F9D1A86A0DE00B532B2 /* AppDelegate.m */,
				9E013F9F1A86A0DE00B532B2 /* ViewController.h */,
				9E013FA01A86A0DE00B532B2 /* ViewController.m */,
				9E013FBE1A86A25C00B532B2 /* Event.h */,
				9E013FBF1A86A25C00B532B2 /* Event.m */,
				9E107F271A86FEF800297FAE /* Block.h */,
				9E107F281A86FEF800297FAE /* Block.m */,
				9E013FA21A86A0DE00B532B2 /* Main.storyboard */,
				9E013FA51A86A0DE00B532B2 /* Images.xcassets */,
				9E013F981A86A0DE00B532B2 /* Supporting Files */,
			);
			path = Focus;
			sourceTree = "<group>";
		};
		9E013F981A86A0DE00B532B2 /* Supporting Files */ = {
			isa = PBXGroup;
			children = (
				9E107F1D1A86C00E00297FAE /* RobotoDraft-Light.ttf */,
				9E107F1E1A86C00E00297FAE /* RobotoDraft.ttf */,
				9E013F991A86A0DE00B532B2 /* Info.plist */,
				9E013F9A1A86A0DE00B532B2 /* main.m */,
			);
			name = "Supporting Files";
			sourceTree = "<group>";
		};
		9E013FB11A86A0DE00B532B2 /* FocusTests */ = {
			isa = PBXGroup;
			children = (
				9E013FB41A86A0DE00B532B2 /* FocusTests.m */,
				9E013FB21A86A0DE00B532B2 /* Supporting Files */,
			);
			path = FocusTests;
			sourceTree = "<group>";
		};
		9E013FB21A86A0DE00B532B2 /* Supporting Files */ = {
			isa = PBXGroup;
			children = (
				9E013FB31A86A0DE00B532B2 /* Info.plist */,
			);
			name = "Supporting Files";
			sourceTree = "<group>";
		};
/* End PBXGroup section */

/* Begin PBXNativeTarget section */
		9E013F941A86A0DE00B532B2 /* Focus */ = {
			isa = PBXNativeTarget;
			buildConfigurationList = 9E013FB81A86A0DE00B532B2 /* Build configuration list for PBXNativeTarget "Focus" */;
			buildPhases = (
				9E013F911A86A0DE00B532B2 /* Sources */,
				9E013F921A86A0DE00B532B2 /* Frameworks */,
				9E013F931A86A0DE00B532B2 /* Resources */,
			);
			buildRules = (
			);
			dependencies = (
			);
			name = Focus;
			productName = Focus;
			productReference = 9E013F951A86A0DE00B532B2 /* Focus.app */;
			productType = "com.apple.product-type.application";
		};
		9E013FAD1A86A0DE00B532B2 /* FocusTests */ = {
			isa = PBXNativeTarget;
			buildConfigurationList = 9E013FBB1A86A0DE00B532B2 /* Build configuration list for PBXNativeTarget "FocusTests" */;
			buildPhases = (
				9E013FAA1A86A0DE00B532B2 /* Sources */,
				9E013FAB1A86A0DE00B532B2 /* Frameworks */,
				9E013FAC1A86A0DE00B532B2 /* Resources */,
			);
			buildRules = (
			);
			dependencies = (
				9E013FB01A86A0DE00B532B2 /* PBXTargetDependency */,
			);
			name = FocusTests;
			productName = FocusTests;
			productReference = 9E013FAE1A86A0DE00B532B2 /* FocusTests.xctest */;
			productType = "com.apple.product-type.bundle.unit-test";
		};
/* End PBXNativeTarget section */

/* Begin PBXProject section */
		9E013F8D1A86A0DE00B532B2 /* Project object */ = {
			isa = PBXProject;
			attributes = {
				LastUpgradeCheck = 0610;
				ORGANIZATIONNAME = michaelscaria;
				TargetAttributes = {
					9E013F941A86A0DE00B532B2 = {
						CreatedOnToolsVersion = 6.1.1;
					};
					9E013FAD1A86A0DE00B532B2 = {
						CreatedOnToolsVersion = 6.1.1;
						TestTargetID = 9E013F941A86A0DE00B532B2;
					};
				};
			};
			buildConfigurationList = 9E013F901A86A0DE00B532B2 /* Build configuration list for PBXProject "Focus" */;
			compatibilityVersion = "Xcode 3.2";
			developmentRegion = English;
			hasScannedForEncodings = 0;
			knownRegions = (
				en,
				Base,
			);
			mainGroup = 9E013F8C1A86A0DE00B532B2;
			productRefGroup = 9E013F961A86A0DE00B532B2 /* Products */;
			projectDirPath = "";
			projectRoot = "";
			targets = (
				9E013F941A86A0DE00B532B2 /* Focus */,
				9E013FAD1A86A0DE00B532B2 /* FocusTests */,
			);
		};
/* End PBXProject section */

/* Begin PBXResourcesBuildPhase section */
		9E013F931A86A0DE00B532B2 /* Resources */ = {
			isa = PBXResourcesBuildPhase;
			buildActionMask = 2147483647;
			files = (
				9E107F201A86C00E00297FAE /* RobotoDraft.ttf in Resources */,
				9E107F1F1A86C00E00297FAE /* RobotoDraft-Light.ttf in Resources */,
				9E013FA41A86A0DE00B532B2 /* Main.storyboard in Resources */,
				9E013FA61A86A0DE00B532B2 /* Images.xcassets in Resources */,
			);
			runOnlyForDeploymentPostprocessing = 0;
		};
		9E013FAC1A86A0DE00B532B2 /* Resources */ = {
			isa = PBXResourcesBuildPhase;
			buildActionMask = 2147483647;
			files = (
			);
			runOnlyForDeploymentPostprocessing = 0;
		};
/* End PBXResourcesBuildPhase section */

/* Begin PBXSourcesBuildPhase section */
		9E013F911A86A0DE00B532B2 /* Sources */ = {
			isa = PBXSourcesBuildPhase;
			buildActionMask = 2147483647;
			files = (
				9E013FC01A86A25C00B532B2 /* Event.m in Sources */,
				9E013FA11A86A0DE00B532B2 /* ViewController.m in Sources */,
				9E107F291A86FEF800297FAE /* Block.m in Sources */,
				9E013F9E1A86A0DE00B532B2 /* AppDelegate.m in Sources */,
				9E013F9B1A86A0DE00B532B2 /* main.m in Sources */,
			);
			runOnlyForDeploymentPostprocessing = 0;
		};
		9E013FAA1A86A0DE00B532B2 /* Sources */ = {
			isa = PBXSourcesBuildPhase;
			buildActionMask = 2147483647;
			files = (
				9E013FB51A86A0DE00B532B2 /* FocusTests.m in Sources */,
			);
			runOnlyForDeploymentPostprocessing = 0;
		};
/* End PBXSourcesBuildPhase section */

/* Begin PBXTargetDependency section */
		9E013FB01A86A0DE00B532B2 /* PBXTargetDependency */ = {
			isa = PBXTargetDependency;
			target = 9E013F941A86A0DE00B532B2 /* Focus */;
			targetProxy = 9E013FAF1A86A0DE00B532B2 /* PBXContainerItemProxy */;
		};
/* End PBXTargetDependency section */

/* Begin PBXVariantGroup section */
		9E013FA21A86A0DE00B532B2 /* Main.storyboard */ = {
			isa = PBXVariantGroup;
			children = (
				9E013FA31A86A0DE00B532B2 /* Base */,
			);
			name = Main.storyboard;
			sourceTree = "<group>";
		};
/* End PBXVariantGroup section */

/* Begin XCBuildConfiguration section */
		9E013FB61A86A0DE00B532B2 /* Debug */ = {
			isa = XCBuildConfiguration;
			buildSettings = {
				ALWAYS_SEARCH_USER_PATHS = NO;
				CLANG_CXX_LANGUAGE_STANDARD = "gnu++0x";
				CLANG_CXX_LIBRARY = "libc++";
				CLANG_ENABLE_MODULES = YES;
				CLANG_ENABLE_OBJC_ARC = YES;
				CLANG_WARN_BOOL_CONVERSION = YES;
				CLANG_WARN_CONSTANT_CONVERSION = YES;
				CLANG_WARN_DIRECT_OBJC_ISA_USAGE = YES_ERROR;
				CLANG_WARN_EMPTY_BODY = YES;
				CLANG_WARN_ENUM_CONVERSION = YES;
				CLANG_WARN_INT_CONVERSION = YES;
				CLANG_WARN_OBJC_ROOT_CLASS = YES_ERROR;
				CLANG_WARN_UNREACHABLE_CODE = YES;
				CLANG_WARN__DUPLICATE_METHOD_MATCH = YES;
				"CODE_SIGN_IDENTITY[sdk=iphoneos*]" = "iPhone Developer";
				COPY_PHASE_STRIP = NO;
				ENABLE_STRICT_OBJC_MSGSEND = YES;
				GCC_C_LANGUAGE_STANDARD = gnu99;
				GCC_DYNAMIC_NO_PIC = NO;
				GCC_OPTIMIZATION_LEVEL = 0;
				GCC_PREPROCESSOR_DEFINITIONS = (
					"DEBUG=1",
					"$(inherited)",
				);
				GCC_SYMBOLS_PRIVATE_EXTERN = NO;
				GCC_WARN_64_TO_32_BIT_CONVERSION = YES;
				GCC_WARN_ABOUT_RETURN_TYPE = YES_ERROR;
				GCC_WARN_UNDECLARED_SELECTOR = YES;
				GCC_WARN_UNINITIALIZED_AUTOS = YES_AGGRESSIVE;
				GCC_WARN_UNUSED_FUNCTION = YES;
				GCC_WARN_UNUSED_VARIABLE = YES;
				IPHONEOS_DEPLOYMENT_TARGET = 8.1;
				MTL_ENABLE_DEBUG_INFO = YES;
				ONLY_ACTIVE_ARCH = YES;
				SDKROOT = iphoneos;
			};
			name = Debug;
		};
		9E013FB71A86A0DE00B532B2 /* Release */ = {
			isa = XCBuildConfiguration;
			buildSettings = {
				ALWAYS_SEARCH_USER_PATHS = NO;
				CLANG_CXX_LANGUAGE_STANDARD = "gnu++0x";
				CLANG_CXX_LIBRARY = "libc++";
				CLANG_ENABLE_MODULES = YES;
				CLANG_ENABLE_OBJC_ARC = YES;
				CLANG_WARN_BOOL_CONVERSION = YES;
				CLANG_WARN_CONSTANT_CONVERSION = YES;
				CLANG_WARN_DIRECT_OBJC_ISA_USAGE = YES_ERROR;
				CLANG_WARN_EMPTY_BODY = YES;
				CLANG_WARN_ENUM_CONVERSION = YES;
				CLANG_WARN_INT_CONVERSION = YES;
				CLANG_WARN_OBJC_ROOT_CLASS = YES_ERROR;
				CLANG_WARN_UNREACHABLE_CODE = YES;
				CLANG_WARN__DUPLICATE_METHOD_MATCH = YES;
				"CODE_SIGN_IDENTITY[sdk=iphoneos*]" = "iPhone Developer";
				COPY_PHASE_STRIP = YES;
				ENABLE_NS_ASSERTIONS = NO;
				ENABLE_STRICT_OBJC_MSGSEND = YES;
				GCC_C_LANGUAGE_STANDARD = gnu99;
				GCC_WARN_64_TO_32_BIT_CONVERSION = YES;
				GCC_WARN_ABOUT_RETURN_TYPE = YES_ERROR;
				GCC_WARN_UNDECLARED_SELECTOR = YES;
				GCC_WARN_UNINITIALIZED_AUTOS = YES_AGGRESSIVE;
				GCC_WARN_UNUSED_FUNCTION = YES;
				GCC_WARN_UNUSED_VARIABLE = YES;
				IPHONEOS_DEPLOYMENT_TARGET = 8.1;
				MTL_ENABLE_DEBUG_INFO = NO;
				SDKROOT = iphoneos;
				VALIDATE_PRODUCT = YES;
			};
			name = Release;
		};
		9E013FB91A86A0DE00B532B2 /* Debug */ = {
			isa = XCBuildConfiguration;
			buildSettings = {
				ASSETCATALOG_COMPILER_APPICON_NAME = AppIcon;
				ASSETCATALOG_COMPILER_LAUNCHIMAGE_NAME = LaunchImage;
				INFOPLIST_FILE = Focus/Info.plist;
				LD_RUNPATH_SEARCH_PATHS = "$(inherited) @executable_path/Frameworks";
				PRODUCT_NAME = "$(TARGET_NAME)";
			};
			name = Debug;
		};
		9E013FBA1A86A0DE00B532B2 /* Release */ = {
			isa = XCBuildConfiguration;
			buildSettings = {
				ASSETCATALOG_COMPILER_APPICON_NAME = AppIcon;
				ASSETCATALOG_COMPILER_LAUNCHIMAGE_NAME = LaunchImage;
				INFOPLIST_FILE = Focus/Info.plist;
				LD_RUNPATH_SEARCH_PATHS = "$(inherited) @executable_path/Frameworks";
				PRODUCT_NAME = "$(TARGET_NAME)";
			};
			name = Release;
		};
		9E013FBC1A86A0DE00B532B2 /* Debug */ = {
			isa = XCBuildConfiguration;
			buildSettings = {
				BUNDLE_LOADER = "$(TEST_HOST)";
				FRAMEWORK_SEARCH_PATHS = (
					"$(SDKROOT)/Developer/Library/Frameworks",
					"$(inherited)",
				);
				GCC_PREPROCESSOR_DEFINITIONS = (
					"DEBUG=1",
					"$(inherited)",
				);
				INFOPLIST_FILE = FocusTests/Info.plist;
				LD_RUNPATH_SEARCH_PATHS = "$(inherited) @executable_path/Frameworks @loader_path/Frameworks";
				PRODUCT_NAME = "$(TARGET_NAME)";
				TEST_HOST = "$(BUILT_PRODUCTS_DIR)/Focus.app/Focus";
			};
			name = Debug;
		};
		9E013FBD1A86A0DE00B532B2 /* Release */ = {
			isa = XCBuildConfiguration;
			buildSettings = {
				BUNDLE_LOADER = "$(TEST_HOST)";
				FRAMEWORK_SEARCH_PATHS = (
					"$(SDKROOT)/Developer/Library/Frameworks",
					"$(inherited)",
				);
				INFOPLIST_FILE = FocusTests/Info.plist;
				LD_RUNPATH_SEARCH_PATHS = "$(inherited) @executable_path/Frameworks @loader_path/Frameworks";
				PRODUCT_NAME = "$(TARGET_NAME)";
				TEST_HOST = "$(BUILT_PRODUCTS_DIR)/Focus.app/Focus";
			};
			name = Release;
		};
/* End XCBuildConfiguration section */

/* Begin XCConfigurationList section */
		9E013F901A86A0DE00B532B2 /* Build configuration list for PBXProject "Focus" */ = {
			isa = XCConfigurationList;
			buildConfigurations = (
				9E013FB61A86A0DE00B532B2 /* Debug */,
				9E013FB71A86A0DE00B532B2 /* Release */,
			);
			defaultConfigurationIsVisible = 0;
			defaultConfigurationName = Release;
		};
		9E013FB81A86A0DE00B532B2 /* Build configuration list for PBXNativeTarget "Focus" */ = {
			isa = XCConfigurationList;
			buildConfigurations = (
				9E013FB91A86A0DE00B532B2 /* Debug */,
				9E013FBA1A86A0DE00B532B2 /* Release */,
			);
			defaultConfigurationIsVisible = 0;
			defaultConfigurationName = Release;
		};
		9E013FBB1A86A0DE00B532B2 /* Build configuration list for PBXNativeTarget "FocusTests" */ = {
			isa = XCConfigurationList;
			buildConfigurations = (
				9E013FBC1A86A0DE00B532B2 /* Debug */,
				9E013FBD1A86A0DE00B532B2 /* Release */,
			);
			defaultConfigurationIsVisible = 0;
			defaultConfigurationName = Release;
		};
/* End XCConfigurationList section */
	};
	rootObject = 9E013F8D1A86A0DE00B532B2 /* Project object */;
}
